// !$*UTF8*$!
{
	archiveVersion = 1;
	classes = {
	};
	objectVersion = 46;
	objects = {

/* Begin PBXBuildFile section */
		0AAC688F1D0FE1D400810287 /* main.m in Sources */ = {isa = PBXBuildFile; fileRef = 0AAC688E1D0FE1D400810287 /* main.m */; };
		0AAC68921D0FE1D400810287 /* AppDelegate.m in Sources */ = {isa = PBXBuildFile; fileRef = 0AAC68911D0FE1D400810287 /* AppDelegate.m */; };
		0AAC68981D0FE1D400810287 /* Main.storyboard in Resources */ = {isa = PBXBuildFile; fileRef = 0AAC68961D0FE1D400810287 /* Main.storyboard */; };
		0AAC689A1D0FE1D400810287 /* Assets.xcassets in Resources */ = {isa = PBXBuildFile; fileRef = 0AAC68991D0FE1D400810287 /* Assets.xcassets */; };
		0AAC689D1D0FE1D400810287 /* LaunchScreen.storyboard in Resources */ = {isa = PBXBuildFile; fileRef = 0AAC689B1D0FE1D400810287 /* LaunchScreen.storyboard */; };
		0AAC68A81D0FE1D400810287 /* SettingsTestTests.m in Sources */ = {isa = PBXBuildFile; fileRef = 0AAC68A71D0FE1D400810287 /* SettingsTestTests.m */; };
		0AAC68B31D0FE1D400810287 /* SettingsTestUITests.m in Sources */ = {isa = PBXBuildFile; fileRef = 0AAC68B21D0FE1D400810287 /* SettingsTestUITests.m */; };
		0AAC68CC1D0FE78100810287 /* EBPropertiesViewController.m in Sources */ = {isa = PBXBuildFile; fileRef = 0AAC68CB1D0FE78100810287 /* EBPropertiesViewController.m */; };
/* End PBXBuildFile section */

/* Begin PBXContainerItemProxy section */
		0AAC68A41D0FE1D400810287 /* PBXContainerItemProxy */ = {
			isa = PBXContainerItemProxy;
			containerPortal = 0AAC68821D0FE1D400810287 /* Project object */;
			proxyType = 1;
			remoteGlobalIDString = 0AAC68891D0FE1D400810287;
			remoteInfo = SettingsTest;
		};
		0AAC68AF1D0FE1D400810287 /* PBXContainerItemProxy */ = {
			isa = PBXContainerItemProxy;
			containerPortal = 0AAC68821D0FE1D400810287 /* Project object */;
			proxyType = 1;
			remoteGlobalIDString = 0AAC68891D0FE1D400810287;
			remoteInfo = SettingsTest;
		};
/* End PBXContainerItemProxy section */

/* Begin PBXFileReference section */
		0AAC688A1D0FE1D400810287 /* SettingsTest.app */ = {isa = PBXFileReference; explicitFileType = wrapper.application; includeInIndex = 0; path = SettingsTest.app; sourceTree = BUILT_PRODUCTS_DIR; };
		0AAC688E1D0FE1D400810287 /* main.m */ = {isa = PBXFileReference; lastKnownFileType = sourcecode.c.objc; path = main.m; sourceTree = "<group>"; };
		0AAC68901D0FE1D400810287 /* AppDelegate.h */ = {isa = PBXFileReference; lastKnownFileType = sourcecode.c.h; path = AppDelegate.h; sourceTree = "<group>"; };
		0AAC68911D0FE1D400810287 /* AppDelegate.m */ = {isa = PBXFileReference; lastKnownFileType = sourcecode.c.objc; path = AppDelegate.m; sourceTree = "<group>"; };
		0AAC68971D0FE1D400810287 /* Base */ = {isa = PBXFileReference; lastKnownFileType = file.storyboard; name = Base; path = Base.lproj/Main.storyboard; sourceTree = "<group>"; };
		0AAC68991D0FE1D400810287 /* Assets.xcassets */ = {isa = PBXFileReference; lastKnownFileType = folder.assetcatalog; path = Assets.xcassets; sourceTree = "<group>"; };
		0AAC689C1D0FE1D400810287 /* Base */ = {isa = PBXFileReference; lastKnownFileType = file.storyboard; name = Base; path = Base.lproj/LaunchScreen.storyboard; sourceTree = "<group>"; };
		0AAC689E1D0FE1D400810287 /* Info.plist */ = {isa = PBXFileReference; lastKnownFileType = text.plist.xml; path = Info.plist; sourceTree = "<group>"; };
		0AAC68A31D0FE1D400810287 /* SettingsTestTests.xctest */ = {isa = PBXFileReference; explicitFileType = wrapper.cfbundle; includeInIndex = 0; path = SettingsTestTests.xctest; sourceTree = BUILT_PRODUCTS_DIR; };
		0AAC68A71D0FE1D400810287 /* SettingsTestTests.m */ = {isa = PBXFileReference; lastKnownFileType = sourcecode.c.objc; path = SettingsTestTests.m; sourceTree = "<group>"; };
		0AAC68A91D0FE1D400810287 /* Info.plist */ = {isa = PBXFileReference; lastKnownFileType = text.plist.xml; path = Info.plist; sourceTree = "<group>"; };
		0AAC68AE1D0FE1D400810287 /* SettingsTestUITests.xctest */ = {isa = PBXFileReference; explicitFileType = wrapper.cfbundle; includeInIndex = 0; path = SettingsTestUITests.xctest; sourceTree = BUILT_PRODUCTS_DIR; };
		0AAC68B21D0FE1D400810287 /* SettingsTestUITests.m */ = {isa = PBXFileReference; lastKnownFileType = sourcecode.c.objc; path = SettingsTestUITests.m; sourceTree = "<group>"; };
		0AAC68B41D0FE1D400810287 /* Info.plist */ = {isa = PBXFileReference; lastKnownFileType = text.plist.xml; path = Info.plist; sourceTree = "<group>"; };
		0AAC68CA1D0FE78100810287 /* EBPropertiesViewController.h */ = {isa = PBXFileReference; fileEncoding = 4; lastKnownFileType = sourcecode.c.h; path = EBPropertiesViewController.h; sourceTree = "<group>"; };
		0AAC68CB1D0FE78100810287 /* EBPropertiesViewController.m */ = {isa = PBXFileReference; fileEncoding = 4; lastKnownFileType = sourcecode.c.objc; path = EBPropertiesViewController.m; sourceTree = "<group>"; };
/* End PBXFileReference section */

/* Begin PBXFrameworksBuildPhase section */
		0AAC68871D0FE1D400810287 /* Frameworks */ = {
			isa = PBXFrameworksBuildPhase;
			buildActionMask = 2147483647;
			files = (
			);
			runOnlyForDeploymentPostprocessing = 0;
		};
		0AAC68A01D0FE1D400810287 /* Frameworks */ = {
			isa = PBXFrameworksBuildPhase;
			buildActionMask = 2147483647;
			files = (
			);
			runOnlyForDeploymentPostprocessing = 0;
		};
		0AAC68AB1D0FE1D400810287 /* Frameworks */ = {
			isa = PBXFrameworksBuildPhase;
			buildActionMask = 2147483647;
			files = (
			);
			runOnlyForDeploymentPostprocessing = 0;
		};
/* End PBXFrameworksBuildPhase section */

/* Begin PBXGroup section */
		0AAC68811D0FE1D400810287 = {
			isa = PBXGroup;
			children = (
				0AAC688C1D0FE1D400810287 /* SettingsTest */,
				0AAC68A61D0FE1D400810287 /* SettingsTestTests */,
				0AAC68B11D0FE1D400810287 /* SettingsTestUITests */,
				0AAC688B1D0FE1D400810287 /* Products */,
			);
			sourceTree = "<group>";
		};
		0AAC688B1D0FE1D400810287 /* Products */ = {
			isa = PBXGroup;
			children = (
				0AAC688A1D0FE1D400810287 /* SettingsTest.app */,
				0AAC68A31D0FE1D400810287 /* SettingsTestTests.xctest */,
				0AAC68AE1D0FE1D400810287 /* SettingsTestUITests.xctest */,
			);
			name = Products;
			sourceTree = "<group>";
		};
		0AAC688C1D0FE1D400810287 /* SettingsTest */ = {
			isa = PBXGroup;
			children = (
				0AAC68901D0FE1D400810287 /* AppDelegate.h */,
				0AAC68911D0FE1D400810287 /* AppDelegate.m */,
				0AAC68961D0FE1D400810287 /* Main.storyboard */,
				0AAC68CA1D0FE78100810287 /* EBPropertiesViewController.h */,
				0AAC68CB1D0FE78100810287 /* EBPropertiesViewController.m */,
				0AAC68991D0FE1D400810287 /* Assets.xcassets */,
				0AAC689B1D0FE1D400810287 /* LaunchScreen.storyboard */,
				0AAC689E1D0FE1D400810287 /* Info.plist */,
				0AAC688D1D0FE1D400810287 /* Supporting Files */,
			);
			path = SettingsTest;
			sourceTree = "<group>";
		};
		0AAC688D1D0FE1D400810287 /* Supporting Files */ = {
			isa = PBXGroup;
			children = (
				0AAC688E1D0FE1D400810287 /* main.m */,
			);
			name = "Supporting Files";
			sourceTree = "<group>";
		};
		0AAC68A61D0FE1D400810287 /* SettingsTestTests */ = {
			isa = PBXGroup;
			children = (
				0AAC68A71D0FE1D400810287 /* SettingsTestTests.m */,
				0AAC68A91D0FE1D400810287 /* Info.plist */,
			);
			path = SettingsTestTests;
			sourceTree = "<group>";
		};
		0AAC68B11D0FE1D400810287 /* SettingsTestUITests */ = {
			isa = PBXGroup;
			children = (
				0AAC68B21D0FE1D400810287 /* SettingsTestUITests.m */,
				0AAC68B41D0FE1D400810287 /* Info.plist */,
			);
			path = SettingsTestUITests;
			sourceTree = "<group>";
		};
/* End PBXGroup section */

/* Begin PBXNativeTarget section */
		0AAC68891D0FE1D400810287 /* SettingsTest */ = {
			isa = PBXNativeTarget;
			buildConfigurationList = 0AAC68B71D0FE1D400810287 /* Build configuration list for PBXNativeTarget "SettingsTest" */;
			buildPhases = (
				0AAC68861D0FE1D400810287 /* Sources */,
				0AAC68871D0FE1D400810287 /* Frameworks */,
				0AAC68881D0FE1D400810287 /* Resources */,
			);
			buildRules = (
			);
			dependencies = (
			);
			name = SettingsTest;
			productName = SettingsTest;
			productReference = 0AAC688A1D0FE1D400810287 /* SettingsTest.app */;
			productType = "com.apple.product-type.application";
		};
		0AAC68A21D0FE1D400810287 /* SettingsTestTests */ = {
			isa = PBXNativeTarget;
			buildConfigurationList = 0AAC68BA1D0FE1D400810287 /* Build configuration list for PBXNativeTarget "SettingsTestTests" */;
			buildPhases = (
				0AAC689F1D0FE1D400810287 /* Sources */,
				0AAC68A01D0FE1D400810287 /* Frameworks */,
				0AAC68A11D0FE1D400810287 /* Resources */,
			);
			buildRules = (
			);
			dependencies = (
				0AAC68A51D0FE1D400810287 /* PBXTargetDependency */,
			);
			name = SettingsTestTests;
			productName = SettingsTestTests;
			productReference = 0AAC68A31D0FE1D400810287 /* SettingsTestTests.xctest */;
			productType = "com.apple.product-type.bundle.unit-test";
		};
		0AAC68AD1D0FE1D400810287 /* SettingsTestUITests */ = {
			isa = PBXNativeTarget;
			buildConfigurationList = 0AAC68BD1D0FE1D400810287 /* Build configuration list for PBXNativeTarget "SettingsTestUITests" */;
			buildPhases = (
				0AAC68AA1D0FE1D400810287 /* Sources */,
				0AAC68AB1D0FE1D400810287 /* Frameworks */,
				0AAC68AC1D0FE1D400810287 /* Resources */,
			);
			buildRules = (
			);
			dependencies = (
				0AAC68B01D0FE1D400810287 /* PBXTargetDependency */,
			);
			name = SettingsTestUITests;
			productName = SettingsTestUITests;
			productReference = 0AAC68AE1D0FE1D400810287 /* SettingsTestUITests.xctest */;
			productType = "com.apple.product-type.bundle.ui-testing";
		};
/* End PBXNativeTarget section */

/* Begin PBXProject section */
		0AAC68821D0FE1D400810287 /* Project object */ = {
			isa = PBXProject;
			attributes = {
				LastUpgradeCheck = 0730;
				ORGANIZATIONNAME = offsiteteam;
				TargetAttributes = {
					0AAC68891D0FE1D400810287 = {
						CreatedOnToolsVersion = 7.3;
					};
					0AAC68A21D0FE1D400810287 = {
						CreatedOnToolsVersion = 7.3;
						TestTargetID = 0AAC68891D0FE1D400810287;
					};
					0AAC68AD1D0FE1D400810287 = {
						CreatedOnToolsVersion = 7.3;
						TestTargetID = 0AAC68891D0FE1D400810287;
					};
				};
			};
			buildConfigurationList = 0AAC68851D0FE1D400810287 /* Build configuration list for PBXProject "SettingsTest" */;
			compatibilityVersion = "Xcode 3.2";
			developmentRegion = English;
			hasScannedForEncodings = 0;
			knownRegions = (
				en,
				Base,
			);
			mainGroup = 0AAC68811D0FE1D400810287;
			productRefGroup = 0AAC688B1D0FE1D400810287 /* Products */;
			projectDirPath = "";
			projectRoot = "";
			targets = (
				0AAC68891D0FE1D400810287 /* SettingsTest */,
				0AAC68A21D0FE1D400810287 /* SettingsTestTests */,
				0AAC68AD1D0FE1D400810287 /* SettingsTestUITests */,
			);
		};
/* End PBXProject section */

/* Begin PBXResourcesBuildPhase section */
		0AAC68881D0FE1D400810287 /* Resources */ = {
			isa = PBXResourcesBuildPhase;
			buildActionMask = 2147483647;
			files = (
				0AAC689D1D0FE1D400810287 /* LaunchScreen.storyboard in Resources */,
				0AAC689A1D0FE1D400810287 /* Assets.xcassets in Resources */,
				0AAC68981D0FE1D400810287 /* Main.storyboard in Resources */,
			);
			runOnlyForDeploymentPostprocessing = 0;
		};
		0AAC68A11D0FE1D400810287 /* Resources */ = {
			isa = PBXResourcesBuildPhase;
			buildActionMask = 2147483647;
			files = (
			);
			runOnlyForDeploymentPostprocessing = 0;
		};
		0AAC68AC1D0FE1D400810287 /* Resources */ = {
			isa = PBXResourcesBuildPhase;
			buildActionMask = 2147483647;
			files = (
			);
			runOnlyForDeploymentPostprocessing = 0;
		};
/* End PBXResourcesBuildPhase section */

/* Begin PBXSourcesBuildPhase section */
		0AAC68861D0FE1D400810287 /* Sources */ = {
			isa = PBXSourcesBuildPhase;
			buildActionMask = 2147483647;
			files = (
				0AAC68921D0FE1D400810287 /* AppDelegate.m in Sources */,
				0AAC68CC1D0FE78100810287 /* EBPropertiesViewController.m in Sources */,
				0AAC688F1D0FE1D400810287 /* main.m in Sources */,
			);
			runOnlyForDeploymentPostprocessing = 0;
		};
		0AAC689F1D0FE1D400810287 /* Sources */ = {
			isa = PBXSourcesBuildPhase;
			buildActionMask = 2147483647;
			files = (
				0AAC68A81D0FE1D400810287 /* SettingsTestTests.m in Sources */,
			);
			runOnlyForDeploymentPostprocessing = 0;
		};
		0AAC68AA1D0FE1D400810287 /* Sources */ = {
			isa = PBXSourcesBuildPhase;
			buildActionMask = 2147483647;
			files = (
				0AAC68B31D0FE1D400810287 /* SettingsTestUITests.m in Sources */,
			);
			runOnlyForDeploymentPostprocessing = 0;
		};
/* End PBXSourcesBuildPhase section */

/* Begin PBXTargetDependency section */
		0AAC68A51D0FE1D400810287 /* PBXTargetDependency */ = {
			isa = PBXTargetDependency;
			target = 0AAC68891D0FE1D400810287 /* SettingsTest */;
			targetProxy = 0AAC68A41D0FE1D400810287 /* PBXContainerItemProxy */;
		};
		0AAC68B01D0FE1D400810287 /* PBXTargetDependency */ = {
			isa = PBXTargetDependency;
			target = 0AAC68891D0FE1D400810287 /* SettingsTest */;
			targetProxy = 0AAC68AF1D0FE1D400810287 /* PBXContainerItemProxy */;
		};
/* End PBXTargetDependency section */

/* Begin PBXVariantGroup section */
		0AAC68961D0FE1D400810287 /* Main.storyboard */ = {
			isa = PBXVariantGroup;
			children = (
				0AAC68971D0FE1D400810287 /* Base */,
			);
			name = Main.storyboard;
			sourceTree = "<group>";
		};
		0AAC689B1D0FE1D400810287 /* LaunchScreen.storyboard */ = {
			isa = PBXVariantGroup;
			children = (
				0AAC689C1D0FE1D400810287 /* Base */,
			);
			name = LaunchScreen.storyboard;
			sourceTree = "<group>";
		};
/* End PBXVariantGroup section */

/* Begin XCBuildConfiguration section */
		0AAC68B51D0FE1D400810287 /* Debug */ = {
			isa = XCBuildConfiguration;
			buildSettings = {
				ALWAYS_SEARCH_USER_PATHS = NO;
				CLANG_ANALYZER_NONNULL = YES;
				CLANG_CXX_LANGUAGE_STANDARD = "gnu++0x";
				CLANG_CXX_LIBRARY = "libc++";
				CLANG_ENABLE_MODULES = YES;
				CLANG_ENABLE_OBJC_ARC = YES;
				CLANG_WARN_BOOL_CONVERSION = YES;
				CLANG_WARN_CONSTANT_CONVERSION = YES;
				CLANG_WARN_DIRECT_OBJC_ISA_USAGE = YES_ERROR;
				CLANG_WARN_EMPTY_BODY = YES;
				CLANG_WARN_ENUM_CONVERSION = YES;
				CLANG_WARN_INT_CONVERSION = YES;
				CLANG_WARN_OBJC_ROOT_CLASS = YES_ERROR;
				CLANG_WARN_UNREACHABLE_CODE = YES;
				CLANG_WARN__DUPLICATE_METHOD_MATCH = YES;
				"CODE_SIGN_IDENTITY[sdk=iphoneos*]" = "iPhone Developer";
				COPY_PHASE_STRIP = NO;
				DEBUG_INFORMATION_FORMAT = dwarf;
				ENABLE_STRICT_OBJC_MSGSEND = YES;
				ENABLE_TESTABILITY = YES;
				GCC_C_LANGUAGE_STANDARD = gnu99;
				GCC_DYNAMIC_NO_PIC = NO;
				GCC_NO_COMMON_BLOCKS = YES;
				GCC_OPTIMIZATION_LEVEL = 0;
				GCC_PREPROCESSOR_DEFINITIONS = (
					"DEBUG=1",
					"$(inherited)",
				);
				GCC_WARN_64_TO_32_BIT_CONVERSION = YES;
				GCC_WARN_ABOUT_RETURN_TYPE = YES_ERROR;
				GCC_WARN_UNDECLARED_SELECTOR = YES;
				GCC_WARN_UNINITIALIZED_AUTOS = YES_AGGRESSIVE;
				GCC_WARN_UNUSED_FUNCTION = YES;
				GCC_WARN_UNUSED_VARIABLE = YES;
				IPHONEOS_DEPLOYMENT_TARGET = 9.3;
				MTL_ENABLE_DEBUG_INFO = YES;
				ONLY_ACTIVE_ARCH = YES;
				SDKROOT = iphoneos;
			};
			name = Debug;
		};
		0AAC68B61D0FE1D400810287 /* Release */ = {
			isa = XCBuildConfiguration;
			buildSettings = {
				ALWAYS_SEARCH_USER_PATHS = NO;
				CLANG_ANALYZER_NONNULL = YES;
				CLANG_CXX_LANGUAGE_STANDARD = "gnu++0x";
				CLANG_CXX_LIBRARY = "libc++";
				CLANG_ENABLE_MODULES = YES;
				CLANG_ENABLE_OBJC_ARC = YES;
				CLANG_WARN_BOOL_CONVERSION = YES;
				CLANG_WARN_CONSTANT_CONVERSION = YES;
				CLANG_WARN_DIRECT_OBJC_ISA_USAGE = YES_ERROR;
				CLANG_WARN_EMPTY_BODY = YES;
				CLANG_WARN_ENUM_CONVERSION = YES;
				CLANG_WARN_INT_CONVERSION = YES;
				CLANG_WARN_OBJC_ROOT_CLASS = YES_ERROR;
				CLANG_WARN_UNREACHABLE_CODE = YES;
				CLANG_WARN__DUPLICATE_METHOD_MATCH = YES;
				"CODE_SIGN_IDENTITY[sdk=iphoneos*]" = "iPhone Developer";
				COPY_PHASE_STRIP = NO;
				DEBUG_INFORMATION_FORMAT = "dwarf-with-dsym";
				ENABLE_NS_ASSERTIONS = NO;
				ENABLE_STRICT_OBJC_MSGSEND = YES;
				GCC_C_LANGUAGE_STANDARD = gnu99;
				GCC_NO_COMMON_BLOCKS = YES;
				GCC_WARN_64_TO_32_BIT_CONVERSION = YES;
				GCC_WARN_ABOUT_RETURN_TYPE = YES_ERROR;
				GCC_WARN_UNDECLARED_SELECTOR = YES;
				GCC_WARN_UNINITIALIZED_AUTOS = YES_AGGRESSIVE;
				GCC_WARN_UNUSED_FUNCTION = YES;
				GCC_WARN_UNUSED_VARIABLE = YES;
				IPHONEOS_DEPLOYMENT_TARGET = 9.3;
				MTL_ENABLE_DEBUG_INFO = NO;
				SDKROOT = iphoneos;
				VALIDATE_PRODUCT = YES;
			};
			name = Release;
		};
		0AAC68B81D0FE1D400810287 /* Debug */ = {
			isa = XCBuildConfiguration;
			buildSettings = {
				ASSETCATALOG_COMPILER_APPICON_NAME = AppIcon;
				INFOPLIST_FILE = SettingsTest/Info.plist;
				LD_RUNPATH_SEARCH_PATHS = "$(inherited) @executable_path/Frameworks";
				PRODUCT_BUNDLE_IDENTIFIER = com.offsiteteam.SettingsTest;
				PRODUCT_NAME = "$(TARGET_NAME)";
			};
			name = Debug;
		};
		0AAC68B91D0FE1D400810287 /* Release */ = {
			isa = XCBuildConfiguration;
			buildSettings = {
				ASSETCATALOG_COMPILER_APPICON_NAME = AppIcon;
				INFOPLIST_FILE = SettingsTest/Info.plist;
				LD_RUNPATH_SEARCH_PATHS = "$(inherited) @executable_path/Frameworks";
				PRODUCT_BUNDLE_IDENTIFIER = com.offsiteteam.SettingsTest;
				PRODUCT_NAME = "$(TARGET_NAME)";
			};
			name = Release;
		};
		0AAC68BB1D0FE1D400810287 /* Debug */ = {
			isa = XCBuildConfiguration;
			buildSettings = {
				BUNDLE_LOADER = "$(TEST_HOST)";
				INFOPLIST_FILE = SettingsTestTests/Info.plist;
				LD_RUNPATH_SEARCH_PATHS = "$(inherited) @executable_path/Frameworks @loader_path/Frameworks";
				PRODUCT_BUNDLE_IDENTIFIER = com.offsiteteam.SettingsTestTests;
				PRODUCT_NAME = "$(TARGET_NAME)";
				TEST_HOST = "$(BUILT_PRODUCTS_DIR)/SettingsTest.app/SettingsTest";
			};
			name = Debug;
		};
		0AAC68BC1D0FE1D400810287 /* Release */ = {
			isa = XCBuildConfiguration;
			buildSettings = {
				BUNDLE_LOADER = "$(TEST_HOST)";
				INFOPLIST_FILE = SettingsTestTests/Info.plist;
				LD_RUNPATH_SEARCH_PATHS = "$(inherited) @executable_path/Frameworks @loader_path/Frameworks";
				PRODUCT_BUNDLE_IDENTIFIER = com.offsiteteam.SettingsTestTests;
				PRODUCT_NAME = "$(TARGET_NAME)";
				TEST_HOST = "$(BUILT_PRODUCTS_DIR)/SettingsTest.app/SettingsTest";
			};
			name = Release;
		};
		0AAC68BE1D0FE1D400810287 /* Debug */ = {
			isa = XCBuildConfiguration;
			buildSettings = {
				INFOPLIST_FILE = SettingsTestUITests/Info.plist;
				LD_RUNPATH_SEARCH_PATHS = "$(inherited) @executable_path/Frameworks @loader_path/Frameworks";
				PRODUCT_BUNDLE_IDENTIFIER = com.offsiteteam.SettingsTestUITests;
				PRODUCT_NAME = "$(TARGET_NAME)";
				TEST_TARGET_NAME = SettingsTest;
			};
			name = Debug;
		};
		0AAC68BF1D0FE1D400810287 /* Release */ = {
			isa = XCBuildConfiguration;
			buildSettings = {
				INFOPLIST_FILE = SettingsTestUITests/Info.plist;
				LD_RUNPATH_SEARCH_PATHS = "$(inherited) @executable_path/Frameworks @loader_path/Frameworks";
				PRODUCT_BUNDLE_IDENTIFIER = com.offsiteteam.SettingsTestUITests;
				PRODUCT_NAME = "$(TARGET_NAME)";
				TEST_TARGET_NAME = SettingsTest;
			};
			name = Release;
		};
/* End XCBuildConfiguration section */

/* Begin XCConfigurationList section */
		0AAC68851D0FE1D400810287 /* Build configuration list for PBXProject "SettingsTest" */ = {
			isa = XCConfigurationList;
			buildConfigurations = (
				0AAC68B51D0FE1D400810287 /* Debug */,
				0AAC68B61D0FE1D400810287 /* Release */,
			);
			defaultConfigurationIsVisible = 0;
			defaultConfigurationName = Release;
		};
		0AAC68B71D0FE1D400810287 /* Build configuration list for PBXNativeTarget "SettingsTest" */ = {
			isa = XCConfigurationList;
			buildConfigurations = (
				0AAC68B81D0FE1D400810287 /* Debug */,
				0AAC68B91D0FE1D400810287 /* Release */,
			);
			defaultConfigurationIsVisible = 0;
		};
		0AAC68BA1D0FE1D400810287 /* Build configuration list for PBXNativeTarget "SettingsTestTests" */ = {
			isa = XCConfigurationList;
			buildConfigurations = (
				0AAC68BB1D0FE1D400810287 /* Debug */,
				0AAC68BC1D0FE1D400810287 /* Release */,
			);
			defaultConfigurationIsVisible = 0;
		};
		0AAC68BD1D0FE1D400810287 /* Build configuration list for PBXNativeTarget "SettingsTestUITests" */ = {
			isa = XCConfigurationList;
			buildConfigurations = (
				0AAC68BE1D0FE1D400810287 /* Debug */,
				0AAC68BF1D0FE1D400810287 /* Release */,
			);
			defaultConfigurationIsVisible = 0;
		};
/* End XCConfigurationList section */
	};
	rootObject = 0AAC68821D0FE1D400810287 /* Project object */;
}
